
Microsoft Visual Studio Solution File, Format Version 12.00
# Visual Studio 15
VisualStudioVersion = 15.0.28010.2041
MinimumVisualStudioVersion = 10.0.40219.1
Project("{FAE04EC0-301F-11D3-BF4B-00C04F79EFBC}") = "Chordious.Core", "Chordious.Core\Chordious.Core.csproj", "{3D200375-095F-4AA8-A724-CD23931C4E1A}"
EndProject
Project("{FAE04EC0-301F-11D3-BF4B-00C04F79EFBC}") = "Chordious.WPF", "Chordious.WPF\Chordious.WPF.csproj", "{C9562CB0-8AA8-44B9-BFBF-67DDFAC66A00}"
EndProject
Project("{FAE04EC0-301F-11D3-BF4B-00C04F79EFBC}") = "Chordious.Core.ViewModel", "Chordious.Core.ViewModel\Chordious.Core.ViewModel.csproj", "{E36654B9-259B-4A81-B9B3-44BFD1EC0B5E}"
EndProject
Project("{930C7802-8A8C-48F9-8165-68863BCCD9DD}") = "Chordious.WPF.Setup", "Chordious.WPF.Setup\Chordious.WPF.Setup.wixproj", "{C01E6EF5-8807-4207-B9F6-677A60F47718}"
EndProject
Project("{FAE04EC0-301F-11D3-BF4B-00C04F79EFBC}") = "Chordious.CoreTest", "Chordious.CoreTest\Chordious.CoreTest.csproj", "{B44F6A9B-F263-48DF-B506-EA206F1E3AE7}"
EndProject
Project("{2150E333-8FDC-42A3-9474-1A3956D46DE8}") = "Solution Items", "Solution Items", "{4C79DC46-A83A-4759-8D45-BA2DE3F91DB0}"
	ProjectSection(SolutionItems) = preProject
		CHANGELIST.md = CHANGELIST.md
		LICENSE.md = LICENSE.md
		README.md = README.md
		update.xml = update.xml
	EndProjectSection
EndProject
Global
	GlobalSection(SolutionConfigurationPlatforms) = preSolution
		Debug (Portable)|Any CPU = Debug (Portable)|Any CPU
		Debug (WinStore)|Any CPU = Debug (WinStore)|Any CPU
		Debug|Any CPU = Debug|Any CPU
		Release (Portable)|Any CPU = Release (Portable)|Any CPU
		Release (WinStore)|Any CPU = Release (WinStore)|Any CPU
		Release|Any CPU = Release|Any CPU
	EndGlobalSection
	GlobalSection(ProjectConfigurationPlatforms) = postSolution
		{3D200375-095F-4AA8-A724-CD23931C4E1A}.Debug (Portable)|Any CPU.ActiveCfg = Debug|Any CPU
		{3D200375-095F-4AA8-A724-CD23931C4E1A}.Debug (Portable)|Any CPU.Build.0 = Debug|Any CPU
		{3D200375-095F-4AA8-A724-CD23931C4E1A}.Debug (WinStore)|Any CPU.ActiveCfg = Debug|Any CPU
		{3D200375-095F-4AA8-A724-CD23931C4E1A}.Debug (WinStore)|Any CPU.Build.0 = Debug|Any CPU
		{3D200375-095F-4AA8-A724-CD23931C4E1A}.Debug|Any CPU.ActiveCfg = Debug|Any CPU
		{3D200375-095F-4AA8-A724-CD23931C4E1A}.Debug|Any CPU.Build.0 = Debug|Any CPU
		{3D200375-095F-4AA8-A724-CD23931C4E1A}.Release (Portable)|Any CPU.ActiveCfg = Release|Any CPU
		{3D200375-095F-4AA8-A724-CD23931C4E1A}.Release (Portable)|Any CPU.Build.0 = Release|Any CPU
		{3D200375-095F-4AA8-A724-CD23931C4E1A}.Release (WinStore)|Any CPU.ActiveCfg = Release|Any CPU
		{3D200375-095F-4AA8-A724-CD23931C4E1A}.Release (WinStore)|Any CPU.Build.0 = Release|Any CPU
		{3D200375-095F-4AA8-A724-CD23931C4E1A}.Release|Any CPU.ActiveCfg = Release|Any CPU
		{3D200375-095F-4AA8-A724-CD23931C4E1A}.Release|Any CPU.Build.0 = Release|Any CPU
		{C9562CB0-8AA8-44B9-BFBF-67DDFAC66A00}.Debug (Portable)|Any CPU.ActiveCfg = Debug (Portable)|Any CPU
		{C9562CB0-8AA8-44B9-BFBF-67DDFAC66A00}.Debug (Portable)|Any CPU.Build.0 = Debug (Portable)|Any CPU
		{C9562CB0-8AA8-44B9-BFBF-67DDFAC66A00}.Debug (WinStore)|Any CPU.ActiveCfg = Debug (WinStore)|Any CPU
		{C9562CB0-8AA8-44B9-BFBF-67DDFAC66A00}.Debug (WinStore)|Any CPU.Build.0 = Debug (WinStore)|Any CPU
		{C9562CB0-8AA8-44B9-BFBF-67DDFAC66A00}.Debug|Any CPU.ActiveCfg = Debug|Any CPU
		{C9562CB0-8AA8-44B9-BFBF-67DDFAC66A00}.Debug|Any CPU.Build.0 = Debug|Any CPU
		{C9562CB0-8AA8-44B9-BFBF-67DDFAC66A00}.Release (Portable)|Any CPU.ActiveCfg = Release (Portable)|Any CPU
		{C9562CB0-8AA8-44B9-BFBF-67DDFAC66A00}.Release (Portable)|Any CPU.Build.0 = Release (Portable)|Any CPU
		{C9562CB0-8AA8-44B9-BFBF-67DDFAC66A00}.Release (WinStore)|Any CPU.ActiveCfg = Release (WinStore)|Any CPU
		{C9562CB0-8AA8-44B9-BFBF-67DDFAC66A00}.Release (WinStore)|Any CPU.Build.0 = Release (WinStore)|Any CPU
		{C9562CB0-8AA8-44B9-BFBF-67DDFAC66A00}.Release|Any CPU.ActiveCfg = Release|Any CPU
		{C9562CB0-8AA8-44B9-BFBF-67DDFAC66A00}.Release|Any CPU.Build.0 = Release|Any CPU
		{E36654B9-259B-4A81-B9B3-44BFD1EC0B5E}.Debug (Portable)|Any CPU.ActiveCfg = Debug|Any CPU
		{E36654B9-259B-4A81-B9B3-44BFD1EC0B5E}.Debug (Portable)|Any CPU.Build.0 = Debug|Any CPU
		{E36654B9-259B-4A81-B9B3-44BFD1EC0B5E}.Debug (WinStore)|Any CPU.ActiveCfg = Debug|Any CPU
		{E36654B9-259B-4A81-B9B3-44BFD1EC0B5E}.Debug (WinStore)|Any CPU.Build.0 = Debug|Any CPU
		{E36654B9-259B-4A81-B9B3-44BFD1EC0B5E}.Debug|Any CPU.ActiveCfg = Debug|Any CPU
		{E36654B9-259B-4A81-B9B3-44BFD1EC0B5E}.Debug|Any CPU.Build.0 = Debug|Any CPU
		{E36654B9-259B-4A81-B9B3-44BFD1EC0B5E}.Release (Portable)|Any CPU.ActiveCfg = Release|Any CPU
		{E36654B9-259B-4A81-B9B3-44BFD1EC0B5E}.Release (Portable)|Any CPU.Build.0 = Release|Any CPU
		{E36654B9-259B-4A81-B9B3-44BFD1EC0B5E}.Release (WinStore)|Any CPU.ActiveCfg = Release|Any CPU
		{E36654B9-259B-4A81-B9B3-44BFD1EC0B5E}.Release (WinStore)|Any CPU.Build.0 = Release|Any CPU
		{E36654B9-259B-4A81-B9B3-44BFD1EC0B5E}.Release|Any CPU.ActiveCfg = Release|Any CPU
		{E36654B9-259B-4A81-B9B3-44BFD1EC0B5E}.Release|Any CPU.Build.0 = Release|Any CPU
		{C01E6EF5-8807-4207-B9F6-677A60F47718}.Debug (Portable)|Any CPU.ActiveCfg = Debug|x86
		{C01E6EF5-8807-4207-B9F6-677A60F47718}.Debug (WinStore)|Any CPU.ActiveCfg = Debug|x86
		{C01E6EF5-8807-4207-B9F6-677A60F47718}.Debug|Any CPU.ActiveCfg = Debug|x86
		{C01E6EF5-8807-4207-B9F6-677A60F47718}.Debug|Any CPU.Build.0 = Debug|x86
		{C01E6EF5-8807-4207-B9F6-677A60F47718}.Release (Portable)|Any CPU.ActiveCfg = Release|x86
		{C01E6EF5-8807-4207-B9F6-677A60F47718}.Release (WinStore)|Any CPU.ActiveCfg = Release|x86
		{C01E6EF5-8807-4207-B9F6-677A60F47718}.Release|Any CPU.ActiveCfg = Release|x86
		{C01E6EF5-8807-4207-B9F6-677A60F47718}.Release|Any CPU.Build.0 = Release|x86
		{B44F6A9B-F263-48DF-B506-EA206F1E3AE7}.Debug (Portable)|Any CPU.ActiveCfg = Debug|Any CPU
		{B44F6A9B-F263-48DF-B506-EA206F1E3AE7}.Debug (Portable)|Any CPU.Build.0 = Debug|Any CPU
		{B44F6A9B-F263-48DF-B506-EA206F1E3AE7}.Debug (WinStore)|Any CPU.ActiveCfg = Debug|Any CPU
		{B44F6A9B-F263-48DF-B506-EA206F1E3AE7}.Debug (WinStore)|Any CPU.Build.0 = Debug|Any CPU
		{B44F6A9B-F263-48DF-B506-EA206F1E3AE7}.Debug|Any CPU.ActiveCfg = Debug|Any CPU
		{B44F6A9B-F263-48DF-B506-EA206F1E3AE7}.Debug|Any CPU.Build.0 = Debug|Any CPU
		{B44F6A9B-F263-48DF-B506-EA206F1E3AE7}.Release (Portable)|Any CPU.ActiveCfg = Release|Any CPU
		{B44F6A9B-F263-48DF-B506-EA206F1E3AE7}.Release (Portable)|Any CPU.Build.0 = Release|Any CPU
		{B44F6A9B-F263-48DF-B506-EA206F1E3AE7}.Release (WinStore)|Any CPU.ActiveCfg = Release|Any CPU
		{B44F6A9B-F263-48DF-B506-EA206F1E3AE7}.Release (WinStore)|Any CPU.Build.0 = Release|Any CPU
		{B44F6A9B-F263-48DF-B506-EA206F1E3AE7}.Release|Any CPU.ActiveCfg = Release|Any CPU
		{B44F6A9B-F263-48DF-B506-EA206F1E3AE7}.Release|Any CPU.Build.0 = Release|Any CPU
	EndGlobalSection
	GlobalSection(SolutionProperties) = preSolution
		HideSolutionNode = FALSE
	EndGlobalSection
	GlobalSection(ExtensibilityGlobals) = postSolution
		SolutionGuid = {8C251AD6-5902-4301-927A-61019BA32FE0}
	EndGlobalSection
EndGlobal
